{
  "name": "Yetimotion",
  "lockfileVersion": 3,
  "requires": true,
  "packages": {
    "": {
      "dependencies": {
        "ogl": "^1.0.0"
      }
    },
    "node_modules/ogl": {
      "version": "1.0.0",
      "resolved": "https://registry.npmjs.org/ogl/-/ogl-1.0.0.tgz",
      "integrity": "sha512-k6I2dCEN8AEonhUptCCAV/uTX9DbHiDEjF+5UpvLQvqOfPr0R8XbxpCKKSUUvE+u22T5RS1XfZNEZo1lY1a22A=="
    }
  }
}
